
Microsoft Visual Studio Solution File, Format Version 12.00
# Visual Studio Version 16
VisualStudioVersion = 16.0.29201.188
MinimumVisualStudioVersion = 10.0.40219.1
Project("{2150E333-8FDC-42A3-9474-1A3956D46DE8}") = "Domain", "Domain", "{2A88D0A7-E690-4883-AEB8-CBA08B23DD38}"
EndProject
Project("{2150E333-8FDC-42A3-9474-1A3956D46DE8}") = "Service", "Service", "{6703F7F6-9B32-447A-8F14-559BE6C12E2E}"
EndProject
Project("{2150E333-8FDC-42A3-9474-1A3956D46DE8}") = "UI", "UI", "{F9AB9EF0-3319-4DAA-9EC2-230DDB9D0ACF}"
EndProject
Project("{FAE04EC0-301F-11D3-BF4B-00C04F79EFBC}") = "GitHub.Models", "GitHub.Domain\GitHub.Models.csproj", "{FD23310E-8285-4626-8031-C9C8788185B5}"
EndProject
Project("{FAE04EC0-301F-11D3-BF4B-00C04F79EFBC}") = "GitHub.Data", "GitHub.Data\GitHub.Data.csproj", "{EEDF04B7-6A1B-4526-A5E4-918EED155475}"
EndProject
Project("{2150E333-8FDC-42A3-9474-1A3956D46DE8}") = "Helpers", "Helpers", "{DBFC2603-E3A2-476F-877D-161B74D8A04D}"
EndProject
Project("{FAE04EC0-301F-11D3-BF4B-00C04F79EFBC}") = "GitHubQuery", "GitHubQuery\GitHubQuery.csproj", "{695A9D87-15AF-4093-8036-A6DA3C871FEC}"
EndProject
Project("{FAE04EC0-301F-11D3-BF4B-00C04F79EFBC}") = "GitHubQueryTests", "GitHubQueryTests\GitHubQueryTests.csproj", "{AA8EC393-DA2D-4D78-A177-578B1B36F6B5}"
EndProject
Project("{FAE04EC0-301F-11D3-BF4B-00C04F79EFBC}") = "GitHubBridgeWebAPI", "GitHubBridgeWebAPI\GitHubBridgeWebAPI.csproj", "{CED4464D-C796-4D6B-BCC3-8D7B4ADBEEC4}"
EndProject
Project("{FAE04EC0-301F-11D3-BF4B-00C04F79EFBC}") = "GitHubBridgeWebAPI.Tests", "GitHubBridgeWebAPI.Tests\GitHubBridgeWebAPI.Tests.csproj", "{F9AB9289-5AD3-4DB0-A1B9-7665B8AEB4C2}"
EndProject
Project("{FAE04EC0-301F-11D3-BF4B-00C04F79EFBC}") = "GitHub.Models.Tests", "GitHub.Models.Tests\GitHub.Models.Tests.csproj", "{91354A58-2D19-4663-BF93-BDD6ECC1A71D}"
EndProject
Project("{FAE04EC0-301F-11D3-BF4B-00C04F79EFBC}") = "GitHub.Data.Tests", "GitHub.Data.Tests\GitHub.Data.Tests.csproj", "{B3D9096A-856A-4158-864D-44A85555DEFD}"
EndProject
Project("{2150E333-8FDC-42A3-9474-1A3956D46DE8}") = "WebClient", "WebClient", "{80AA3CF7-3835-40B4-AEC2-07CE68C4E295}"
EndProject
Project("{FAE04EC0-301F-11D3-BF4B-00C04F79EFBC}") = "dev-hiring-chalenge-webclient", "UI\WebClient\dev-hiring-chalenge-webclient\dev-hiring-chalenge-webclient.csproj", "{A74A384D-1591-4F5B-9852-6D678BCE1A58}"
EndProject
Project("{FAE04EC0-301F-11D3-BF4B-00C04F79EFBC}") = "dev-hiring-chalenge-webclient.Tests", "UI\WebClient\dev-hiring-chalenge-webclient.Tests\dev-hiring-chalenge-webclient.Tests.csproj", "{AF1713FD-B32A-4CAB-9E1F-0B0AD0D7D01B}"
EndProject
Project("{2150E333-8FDC-42A3-9474-1A3956D46DE8}") = "Solution Items", "Solution Items", "{B5A4FE6D-47F9-4AE6-B2E1-A3D00A025C80}"
	ProjectSection(SolutionItems) = preProject
		README.md = README.md
	EndProjectSection
EndProject
Global
	GlobalSection(SolutionConfigurationPlatforms) = preSolution
		Debug|Any CPU = Debug|Any CPU
		Release|Any CPU = Release|Any CPU
	EndGlobalSection
	GlobalSection(ProjectConfigurationPlatforms) = postSolution
		{FD23310E-8285-4626-8031-C9C8788185B5}.Debug|Any CPU.ActiveCfg = Debug|Any CPU
		{FD23310E-8285-4626-8031-C9C8788185B5}.Debug|Any CPU.Build.0 = Debug|Any CPU
		{FD23310E-8285-4626-8031-C9C8788185B5}.Release|Any CPU.ActiveCfg = Release|Any CPU
		{FD23310E-8285-4626-8031-C9C8788185B5}.Release|Any CPU.Build.0 = Release|Any CPU
		{EEDF04B7-6A1B-4526-A5E4-918EED155475}.Debug|Any CPU.ActiveCfg = Debug|Any CPU
		{EEDF04B7-6A1B-4526-A5E4-918EED155475}.Debug|Any CPU.Build.0 = Debug|Any CPU
		{EEDF04B7-6A1B-4526-A5E4-918EED155475}.Release|Any CPU.ActiveCfg = Release|Any CPU
		{EEDF04B7-6A1B-4526-A5E4-918EED155475}.Release|Any CPU.Build.0 = Release|Any CPU
		{695A9D87-15AF-4093-8036-A6DA3C871FEC}.Debug|Any CPU.ActiveCfg = Debug|Any CPU
		{695A9D87-15AF-4093-8036-A6DA3C871FEC}.Debug|Any CPU.Build.0 = Debug|Any CPU
		{695A9D87-15AF-4093-8036-A6DA3C871FEC}.Release|Any CPU.ActiveCfg = Release|Any CPU
		{695A9D87-15AF-4093-8036-A6DA3C871FEC}.Release|Any CPU.Build.0 = Release|Any CPU
		{AA8EC393-DA2D-4D78-A177-578B1B36F6B5}.Debug|Any CPU.ActiveCfg = Debug|Any CPU
		{AA8EC393-DA2D-4D78-A177-578B1B36F6B5}.Debug|Any CPU.Build.0 = Debug|Any CPU
		{AA8EC393-DA2D-4D78-A177-578B1B36F6B5}.Release|Any CPU.ActiveCfg = Release|Any CPU
		{AA8EC393-DA2D-4D78-A177-578B1B36F6B5}.Release|Any CPU.Build.0 = Release|Any CPU
		{CED4464D-C796-4D6B-BCC3-8D7B4ADBEEC4}.Debug|Any CPU.ActiveCfg = Debug|Any CPU
		{CED4464D-C796-4D6B-BCC3-8D7B4ADBEEC4}.Debug|Any CPU.Build.0 = Debug|Any CPU
		{CED4464D-C796-4D6B-BCC3-8D7B4ADBEEC4}.Release|Any CPU.ActiveCfg = Release|Any CPU
		{CED4464D-C796-4D6B-BCC3-8D7B4ADBEEC4}.Release|Any CPU.Build.0 = Release|Any CPU
		{F9AB9289-5AD3-4DB0-A1B9-7665B8AEB4C2}.Debug|Any CPU.ActiveCfg = Debug|Any CPU
		{F9AB9289-5AD3-4DB0-A1B9-7665B8AEB4C2}.Debug|Any CPU.Build.0 = Debug|Any CPU
		{F9AB9289-5AD3-4DB0-A1B9-7665B8AEB4C2}.Release|Any CPU.ActiveCfg = Release|Any CPU
		{F9AB9289-5AD3-4DB0-A1B9-7665B8AEB4C2}.Release|Any CPU.Build.0 = Release|Any CPU
		{91354A58-2D19-4663-BF93-BDD6ECC1A71D}.Debug|Any CPU.ActiveCfg = Debug|Any CPU
		{91354A58-2D19-4663-BF93-BDD6ECC1A71D}.Debug|Any CPU.Build.0 = Debug|Any CPU
		{91354A58-2D19-4663-BF93-BDD6ECC1A71D}.Release|Any CPU.ActiveCfg = Release|Any CPU
		{91354A58-2D19-4663-BF93-BDD6ECC1A71D}.Release|Any CPU.Build.0 = Release|Any CPU
		{B3D9096A-856A-4158-864D-44A85555DEFD}.Debug|Any CPU.ActiveCfg = Debug|Any CPU
		{B3D9096A-856A-4158-864D-44A85555DEFD}.Debug|Any CPU.Build.0 = Debug|Any CPU
		{B3D9096A-856A-4158-864D-44A85555DEFD}.Release|Any CPU.ActiveCfg = Release|Any CPU
		{B3D9096A-856A-4158-864D-44A85555DEFD}.Release|Any CPU.Build.0 = Release|Any CPU
		{A74A384D-1591-4F5B-9852-6D678BCE1A58}.Debug|Any CPU.ActiveCfg = Debug|Any CPU
		{A74A384D-1591-4F5B-9852-6D678BCE1A58}.Debug|Any CPU.Build.0 = Debug|Any CPU
		{A74A384D-1591-4F5B-9852-6D678BCE1A58}.Release|Any CPU.ActiveCfg = Release|Any CPU
		{A74A384D-1591-4F5B-9852-6D678BCE1A58}.Release|Any CPU.Build.0 = Release|Any CPU
		{AF1713FD-B32A-4CAB-9E1F-0B0AD0D7D01B}.Debug|Any CPU.ActiveCfg = Debug|Any CPU
		{AF1713FD-B32A-4CAB-9E1F-0B0AD0D7D01B}.Debug|Any CPU.Build.0 = Debug|Any CPU
		{AF1713FD-B32A-4CAB-9E1F-0B0AD0D7D01B}.Release|Any CPU.ActiveCfg = Release|Any CPU
		{AF1713FD-B32A-4CAB-9E1F-0B0AD0D7D01B}.Release|Any CPU.Build.0 = Release|Any CPU
	EndGlobalSection
	GlobalSection(SolutionProperties) = preSolution
		HideSolutionNode = FALSE
	EndGlobalSection
	GlobalSection(NestedProjects) = preSolution
		{FD23310E-8285-4626-8031-C9C8788185B5} = {2A88D0A7-E690-4883-AEB8-CBA08B23DD38}
		{EEDF04B7-6A1B-4526-A5E4-918EED155475} = {2A88D0A7-E690-4883-AEB8-CBA08B23DD38}
		{DBFC2603-E3A2-476F-877D-161B74D8A04D} = {2A88D0A7-E690-4883-AEB8-CBA08B23DD38}
		{695A9D87-15AF-4093-8036-A6DA3C871FEC} = {DBFC2603-E3A2-476F-877D-161B74D8A04D}
		{AA8EC393-DA2D-4D78-A177-578B1B36F6B5} = {DBFC2603-E3A2-476F-877D-161B74D8A04D}
		{CED4464D-C796-4D6B-BCC3-8D7B4ADBEEC4} = {6703F7F6-9B32-447A-8F14-559BE6C12E2E}
		{F9AB9289-5AD3-4DB0-A1B9-7665B8AEB4C2} = {6703F7F6-9B32-447A-8F14-559BE6C12E2E}
		{91354A58-2D19-4663-BF93-BDD6ECC1A71D} = {2A88D0A7-E690-4883-AEB8-CBA08B23DD38}
		{B3D9096A-856A-4158-864D-44A85555DEFD} = {2A88D0A7-E690-4883-AEB8-CBA08B23DD38}
		{80AA3CF7-3835-40B4-AEC2-07CE68C4E295} = {F9AB9EF0-3319-4DAA-9EC2-230DDB9D0ACF}
		{A74A384D-1591-4F5B-9852-6D678BCE1A58} = {80AA3CF7-3835-40B4-AEC2-07CE68C4E295}
		{AF1713FD-B32A-4CAB-9E1F-0B0AD0D7D01B} = {80AA3CF7-3835-40B4-AEC2-07CE68C4E295}
	EndGlobalSection
	GlobalSection(ExtensibilityGlobals) = postSolution
		SolutionGuid = {BACD3EC8-9C94-462B-841C-6CAF768CA61C}
	EndGlobalSection
EndGlobal
